lockfileVersion: '9.0'

settings:
  autoInstallPeers: true
  excludeLinksFromLockfile: false

importers:

  .:
    dependencies:
      '@azure/functions':
        specifier: ^4.11.0
        version: 4.11.0

packages:

  '@azure/functions-extensions-base@0.2.0':
    resolution: {integrity: sha512-ncCkHBNQYJa93dBIh+toH0v1iSgCzSo9tr94s6SMBe7DPWREkaWh8cq33A5P4rPSFX1g5W+3SPvIzDr/6/VOWQ==}
    engines: {node: '>=18.0'}

  '@azure/functions@4.11.0':
    resolution: {integrity: sha512-J0We2gav3YZFLO9pJlXDKUSOT0r/DzkUaJTaruhm8pwoSMbi4zjsS5N6fARrTel+IBCm77hlD0IgZSKSWvVpUw==}
    engines: {node: '>=20.0'}

  cookie@0.7.2:
    resolution: {integrity: sha512-yki5XnKuf750l50uGTllt6kKILY4nQ1eNIQatoXEByZ5dWgnKqbnqmTrBE5B4N7lrMJKQ2ytWMiTO2o0v6Ew/w==}
    engines: {node: '>= 0.6'}

  long@4.0.0:
    resolution: {integrity: sha512-XsP+KhQif4bjX1kbuSiySJFNAehNxgLb6hPRGJ9QsUr8ajHkuXGdrHmFUTUUXhDwVX2R5bY4JNZEwbUiMhV+MA==}

snapshots:

  '@azure/functions-extensions-base@0.2.0': {}

  '@azure/functions@4.11.0':
    dependencies:
      '@azure/functions-extensions-base': 0.2.0
      cookie: 0.7.2
      long: 4.0.0

  cookie@0.7.2: {}

  long@4.0.0: {}
